// !$*UTF8*$!
{
	archiveVersion = 1;
	classes = {
	};
	objectVersion = 48;
	objects = {

/* Begin PBXBuildFile section */
		DB016D7C2071512700505723 /* MainViewModel.swift in Sources */ = {isa = PBXBuildFile; fileRef = DB016D7B2071512700505723 /* MainViewModel.swift */; };
		DB016D832071804C00505723 /* FeedModel.swift in Sources */ = {isa = PBXBuildFile; fileRef = DB016D822071804C00505723 /* FeedModel.swift */; };
		DB016D86207184EF00505723 /* RxSwift.framework in Frameworks */ = {isa = PBXBuildFile; fileRef = DB016D85207184EF00505723 /* RxSwift.framework */; };
		DB016D872071851D00505723 /* RxSwift.framework in Frameworks */ = {isa = PBXBuildFile; fileRef = DB016D85207184EF00505723 /* RxSwift.framework */; };
		DB016D892071852200505723 /* RxSwift.framework in Embed Frameworks */ = {isa = PBXBuildFile; fileRef = DB016D85207184EF00505723 /* RxSwift.framework */; settings = {ATTRIBUTES = (CodeSignOnCopy, RemoveHeadersOnCopy, ); }; };
		DB3034932071895800329263 /* FeedEntryCell.swift in Sources */ = {isa = PBXBuildFile; fileRef = DB3034912071895800329263 /* FeedEntryCell.swift */; };
		DB3034942071895800329263 /* FeedEntryCell.xib in Resources */ = {isa = PBXBuildFile; fileRef = DB3034922071895800329263 /* FeedEntryCell.xib */; };
		DB30349C2071923600329263 /* SDWebImage.framework in Frameworks */ = {isa = PBXBuildFile; fileRef = DB30349B2071923600329263 /* SDWebImage.framework */; };
		DB30349D2071923F00329263 /* SDWebImage.framework in Frameworks */ = {isa = PBXBuildFile; fileRef = DB30349B2071923600329263 /* SDWebImage.framework */; };
		DB30349E2071923F00329263 /* SDWebImage.framework in Embed Frameworks */ = {isa = PBXBuildFile; fileRef = DB30349B2071923600329263 /* SDWebImage.framework */; settings = {ATTRIBUTES = (CodeSignOnCopy, RemoveHeadersOnCopy, ); }; };
		DB43F8862070D7BA008CFB7C /* libFrallware.a in Frameworks */ = {isa = PBXBuildFile; fileRef = DB43F8822070D799008CFB7C /* libFrallware.a */; };
		DB43F89B2070D9D1008CFB7C /* libFrallware.a in Frameworks */ = {isa = PBXBuildFile; fileRef = DB43F8822070D799008CFB7C /* libFrallware.a */; };
		DB43F89D2070DA42008CFB7C /* AppServices.swift in Sources */ = {isa = PBXBuildFile; fileRef = DB43F8992070D9BE008CFB7C /* AppServices.swift */; };
		DB43F89E2070DA80008CFB7C /* libServices.a in Frameworks */ = {isa = PBXBuildFile; fileRef = DB43F8902070D9A9008CFB7C /* libServices.a */; };
		DB51D2A320714B060090C853 /* FeedRepository.swift in Sources */ = {isa = PBXBuildFile; fileRef = DB51D2A220714B060090C853 /* FeedRepository.swift */; };
		DB51D2A620714B220090C853 /* RedditAPI.swift in Sources */ = {isa = PBXBuildFile; fileRef = DB51D2A520714B220090C853 /* RedditAPI.swift */; };
		DB841F812070DB7E004D4748 /* AppNavigator.swift in Sources */ = {isa = PBXBuildFile; fileRef = DB841F802070DB7E004D4748 /* AppNavigator.swift */; };
		DBECBF7C2070E79200EEBD32 /* Frallware+Rx.swift in Sources */ = {isa = PBXBuildFile; fileRef = DBECBF7B2070E79200EEBD32 /* Frallware+Rx.swift */; };
		DBFD1CFD2070D546004B4AB2 /* AppDelegate.swift in Sources */ = {isa = PBXBuildFile; fileRef = DBFD1CFC2070D546004B4AB2 /* AppDelegate.swift */; };
		DBFD1CFF2070D546004B4AB2 /* MainViewController.swift in Sources */ = {isa = PBXBuildFile; fileRef = DBFD1CFE2070D546004B4AB2 /* MainViewController.swift */; };
		DBFD1D022070D546004B4AB2 /* Main.storyboard in Resources */ = {isa = PBXBuildFile; fileRef = DBFD1D002070D546004B4AB2 /* Main.storyboard */; };
		DBFD1D042070D546004B4AB2 /* Assets.xcassets in Resources */ = {isa = PBXBuildFile; fileRef = DBFD1D032070D546004B4AB2 /* Assets.xcassets */; };
		DBFD1D072070D546004B4AB2 /* LaunchScreen.storyboard in Resources */ = {isa = PBXBuildFile; fileRef = DBFD1D052070D546004B4AB2 /* LaunchScreen.storyboard */; };
/* End PBXBuildFile section */

/* Begin PBXContainerItemProxy section */
		DB43F8812070D799008CFB7C /* PBXContainerItemProxy */ = {
			isa = PBXContainerItemProxy;
			containerPortal = DB43F87C2070D799008CFB7C /* Frallware.xcodeproj */;
			proxyType = 2;
			remoteGlobalIDString = DB495652203C0C6D00B81122;
			remoteInfo = Frallware;
		};
		DB43F8832070D799008CFB7C /* PBXContainerItemProxy */ = {
			isa = PBXContainerItemProxy;
			containerPortal = DB43F87C2070D799008CFB7C /* Frallware.xcodeproj */;
			proxyType = 2;
			remoteGlobalIDString = DBF83940206E7CF400EB2237;
			remoteInfo = FrallwareExample;
		};
/* End PBXContainerItemProxy section */

/* Begin PBXCopyFilesBuildPhase section */
		DB016D812071520D00505723 /* Embed Frameworks */ = {
			isa = PBXCopyFilesBuildPhase;
			buildActionMask = 2147483647;
			dstPath = "";
			dstSubfolderSpec = 10;
			files = (
				DB30349E2071923F00329263 /* SDWebImage.framework in Embed Frameworks */,
				DB016D892071852200505723 /* RxSwift.framework in Embed Frameworks */,
			);
			name = "Embed Frameworks";
			runOnlyForDeploymentPostprocessing = 0;
		};
		DB43F88E2070D9A9008CFB7C /* CopyFiles */ = {
			isa = PBXCopyFilesBuildPhase;
			buildActionMask = 2147483647;
			dstPath = "include/$(PRODUCT_NAME)";
			dstSubfolderSpec = 16;
			files = (
			);
			runOnlyForDeploymentPostprocessing = 0;
		};
/* End PBXCopyFilesBuildPhase section */

/* Begin PBXFileReference section */
		DB016D7B2071512700505723 /* MainViewModel.swift */ = {isa = PBXFileReference; lastKnownFileType = sourcecode.swift; path = MainViewModel.swift; sourceTree = "<group>"; };
		DB016D822071804C00505723 /* FeedModel.swift */ = {isa = PBXFileReference; lastKnownFileType = sourcecode.swift; path = FeedModel.swift; sourceTree = "<group>"; };
		DB016D85207184EF00505723 /* RxSwift.framework */ = {isa = PBXFileReference; lastKnownFileType = wrapper.framework; name = RxSwift.framework; path = Build/iOS/RxSwift.framework; sourceTree = "<group>"; };
		DB3034912071895800329263 /* FeedEntryCell.swift */ = {isa = PBXFileReference; lastKnownFileType = sourcecode.swift; path = FeedEntryCell.swift; sourceTree = "<group>"; };
		DB3034922071895800329263 /* FeedEntryCell.xib */ = {isa = PBXFileReference; lastKnownFileType = file.xib; path = FeedEntryCell.xib; sourceTree = "<group>"; };
		DB30349B2071923600329263 /* SDWebImage.framework */ = {isa = PBXFileReference; lastKnownFileType = wrapper.framework; name = SDWebImage.framework; path = Build/iOS/SDWebImage.framework; sourceTree = "<group>"; };
		DB43F87C2070D799008CFB7C /* Frallware.xcodeproj */ = {isa = PBXFileReference; lastKnownFileType = "wrapper.pb-project"; path = Frallware.xcodeproj; sourceTree = "<group>"; };
		DB43F8902070D9A9008CFB7C /* libServices.a */ = {isa = PBXFileReference; explicitFileType = archive.ar; includeInIndex = 0; path = libServices.a; sourceTree = BUILT_PRODUCTS_DIR; };
		DB43F8992070D9BE008CFB7C /* AppServices.swift */ = {isa = PBXFileReference; lastKnownFileType = sourcecode.swift; path = AppServices.swift; sourceTree = "<group>"; };
		DB51D2A220714B060090C853 /* FeedRepository.swift */ = {isa = PBXFileReference; lastKnownFileType = sourcecode.swift; path = FeedRepository.swift; sourceTree = "<group>"; };
		DB51D2A520714B220090C853 /* RedditAPI.swift */ = {isa = PBXFileReference; lastKnownFileType = sourcecode.swift; path = RedditAPI.swift; sourceTree = "<group>"; };
		DB841F802070DB7E004D4748 /* AppNavigator.swift */ = {isa = PBXFileReference; lastKnownFileType = sourcecode.swift; path = AppNavigator.swift; sourceTree = "<group>"; };
		DBECBF7B2070E79200EEBD32 /* Frallware+Rx.swift */ = {isa = PBXFileReference; lastKnownFileType = sourcecode.swift; path = "Frallware+Rx.swift"; sourceTree = "<group>"; };
		DBFD1CF92070D546004B4AB2 /* PickMeUp.app */ = {isa = PBXFileReference; explicitFileType = wrapper.application; includeInIndex = 0; path = PickMeUp.app; sourceTree = BUILT_PRODUCTS_DIR; };
		DBFD1CFC2070D546004B4AB2 /* AppDelegate.swift */ = {isa = PBXFileReference; lastKnownFileType = sourcecode.swift; path = AppDelegate.swift; sourceTree = "<group>"; };
		DBFD1CFE2070D546004B4AB2 /* MainViewController.swift */ = {isa = PBXFileReference; lastKnownFileType = sourcecode.swift; path = MainViewController.swift; sourceTree = "<group>"; };
		DBFD1D012070D546004B4AB2 /* Base */ = {isa = PBXFileReference; lastKnownFileType = file.storyboard; name = Base; path = Base.lproj/Main.storyboard; sourceTree = "<group>"; };
		DBFD1D032070D546004B4AB2 /* Assets.xcassets */ = {isa = PBXFileReference; lastKnownFileType = folder.assetcatalog; path = Assets.xcassets; sourceTree = "<group>"; };
		DBFD1D062070D546004B4AB2 /* Base */ = {isa = PBXFileReference; lastKnownFileType = file.storyboard; name = Base; path = Base.lproj/LaunchScreen.storyboard; sourceTree = "<group>"; };
		DBFD1D082070D546004B4AB2 /* Info.plist */ = {isa = PBXFileReference; lastKnownFileType = text.plist.xml; path = Info.plist; sourceTree = "<group>"; };
/* End PBXFileReference section */

/* Begin PBXFrameworksBuildPhase section */
		DB43F88D2070D9A9008CFB7C /* Frameworks */ = {
			isa = PBXFrameworksBuildPhase;
			buildActionMask = 2147483647;
			files = (
				DB016D86207184EF00505723 /* RxSwift.framework in Frameworks */,
				DB30349C2071923600329263 /* SDWebImage.framework in Frameworks */,
				DB43F89B2070D9D1008CFB7C /* libFrallware.a in Frameworks */,
			);
			runOnlyForDeploymentPostprocessing = 0;
		};
		DBFD1CF62070D546004B4AB2 /* Frameworks */ = {
			isa = PBXFrameworksBuildPhase;
			buildActionMask = 2147483647;
			files = (
				DB30349D2071923F00329263 /* SDWebImage.framework in Frameworks */,
				DB43F89E2070DA80008CFB7C /* libServices.a in Frameworks */,
				DB43F8862070D7BA008CFB7C /* libFrallware.a in Frameworks */,
				DB016D872071851D00505723 /* RxSwift.framework in Frameworks */,
			);
			runOnlyForDeploymentPostprocessing = 0;
		};
/* End PBXFrameworksBuildPhase section */

/* Begin PBXGroup section */
		DB016D842071849C00505723 /* Carthage */ = {
			isa = PBXGroup;
			children = (
				DB30349B2071923600329263 /* SDWebImage.framework */,
				DB016D85207184EF00505723 /* RxSwift.framework */,
			);
			path = Carthage;
			sourceTree = "<group>";
		};
		DB43F8362070D723008CFB7C /* External */ = {
			isa = PBXGroup;
			children = (
				DB43F87B2070D78A008CFB7C /* frallware */,
			);
			path = External;
			sourceTree = "<group>";
		};
		DB43F87B2070D78A008CFB7C /* frallware */ = {
			isa = PBXGroup;
			children = (
				DB43F87C2070D799008CFB7C /* Frallware.xcodeproj */,
			);
			path = frallware;
			sourceTree = "<group>";
		};
		DB43F87D2070D799008CFB7C /* Products */ = {
			isa = PBXGroup;
			children = (
				DB43F8822070D799008CFB7C /* libFrallware.a */,
				DB43F8842070D799008CFB7C /* FrallwareExample.app */,
			);
			name = Products;
			sourceTree = "<group>";
		};
		DB43F8852070D7BA008CFB7C /* Frameworks */ = {
			isa = PBXGroup;
			children = (
			);
			name = Frameworks;
			sourceTree = "<group>";
		};
		DB43F8882070D975008CFB7C /* Services */ = {
			isa = PBXGroup;
			children = (
				DB43F8992070D9BE008CFB7C /* AppServices.swift */,
				DB51D2A420714B170090C853 /* RedditAPI */,
				DB51D29F20714AD60090C853 /* FeedRepository */,
				DBECBF7A2070E78300EEBD32 /* Utils */,
			);
			path = Services;
			sourceTree = "<group>";
		};
		DB43F88B2070D97A008CFB7C /* UI */ = {
			isa = PBXGroup;
			children = (
				DB841F802070DB7E004D4748 /* AppNavigator.swift */,
				DBFD1D032070D546004B4AB2 /* Assets.xcassets */,
				DB841F822070DBD9004D4748 /* Main */,
			);
			path = UI;
			sourceTree = "<group>";
		};
		DB43F89C2070D9F5008CFB7C /* Resources */ = {
			isa = PBXGroup;
			children = (
				DBFD1D052070D546004B4AB2 /* LaunchScreen.storyboard */,
				DBFD1D082070D546004B4AB2 /* Info.plist */,
			);
			path = Resources;
			sourceTree = "<group>";
		};
		DB51D29F20714AD60090C853 /* FeedRepository */ = {
			isa = PBXGroup;
			children = (
				DB016D822071804C00505723 /* FeedModel.swift */,
				DB51D2A220714B060090C853 /* FeedRepository.swift */,
			);
			path = FeedRepository;
			sourceTree = "<group>";
		};
		DB51D2A420714B170090C853 /* RedditAPI */ = {
			isa = PBXGroup;
			children = (
				DB51D2A520714B220090C853 /* RedditAPI.swift */,
			);
			path = RedditAPI;
			sourceTree = "<group>";
		};
		DB841F822070DBD9004D4748 /* Main */ = {
			isa = PBXGroup;
			children = (
				DBFD1D002070D546004B4AB2 /* Main.storyboard */,
				DB016D7B2071512700505723 /* MainViewModel.swift */,
				DBFD1CFE2070D546004B4AB2 /* MainViewController.swift */,
				DB3034912071895800329263 /* FeedEntryCell.swift */,
				DB3034922071895800329263 /* FeedEntryCell.xib */,
			);
			path = Main;
			sourceTree = "<group>";
		};
		DBECBF7A2070E78300EEBD32 /* Utils */ = {
			isa = PBXGroup;
			children = (
				DBECBF7B2070E79200EEBD32 /* Frallware+Rx.swift */,
			);
			path = Utils;
			sourceTree = "<group>";
		};
		DBFD1CF02070D545004B4AB2 = {
			isa = PBXGroup;
			children = (
				DBFD1CFB2070D546004B4AB2 /* PickMeUp */,
				DB43F8882070D975008CFB7C /* Services */,
				DB43F8362070D723008CFB7C /* External */,
				DB016D842071849C00505723 /* Carthage */,
				DBFD1CFA2070D546004B4AB2 /* Products */,
				DB43F8852070D7BA008CFB7C /* Frameworks */,
			);
			sourceTree = "<group>";
		};
		DBFD1CFA2070D546004B4AB2 /* Products */ = {
			isa = PBXGroup;
			children = (
				DBFD1CF92070D546004B4AB2 /* PickMeUp.app */,
				DB43F8902070D9A9008CFB7C /* libServices.a */,
			);
			name = Products;
			sourceTree = "<group>";
		};
		DBFD1CFB2070D546004B4AB2 /* PickMeUp */ = {
			isa = PBXGroup;
			children = (
				DBFD1CFC2070D546004B4AB2 /* AppDelegate.swift */,
				DB43F88B2070D97A008CFB7C /* UI */,
				DB43F89C2070D9F5008CFB7C /* Resources */,
			);
			path = PickMeUp;
			sourceTree = "<group>";
		};
/* End PBXGroup section */

/* Begin PBXNativeTarget section */
		DB43F88F2070D9A9008CFB7C /* Services */ = {
			isa = PBXNativeTarget;
			buildConfigurationList = DB43F8962070D9A9008CFB7C /* Build configuration list for PBXNativeTarget "Services" */;
			buildPhases = (
				DB43F88C2070D9A9008CFB7C /* Sources */,
				DB43F88D2070D9A9008CFB7C /* Frameworks */,
				DB43F88E2070D9A9008CFB7C /* CopyFiles */,
			);
			buildRules = (
			);
			dependencies = (
			);
			name = Services;
			productName = Services;
			productReference = DB43F8902070D9A9008CFB7C /* libServices.a */;
			productType = "com.apple.product-type.library.static";
		};
		DBFD1CF82070D546004B4AB2 /* PickMeUp */ = {
			isa = PBXNativeTarget;
			buildConfigurationList = DBFD1D162070D546004B4AB2 /* Build configuration list for PBXNativeTarget "PickMeUp" */;
			buildPhases = (
				DBFD1CF52070D546004B4AB2 /* Sources */,
				DBFD1CF62070D546004B4AB2 /* Frameworks */,
				DBFD1CF72070D546004B4AB2 /* Resources */,
				DB016D812071520D00505723 /* Embed Frameworks */,
			);
			buildRules = (
			);
			dependencies = (
			);
			name = PickMeUp;
			productName = PickMeUp;
			productReference = DBFD1CF92070D546004B4AB2 /* PickMeUp.app */;
			productType = "com.apple.product-type.application";
		};
/* End PBXNativeTarget section */

/* Begin PBXProject section */
		DBFD1CF12070D545004B4AB2 /* Project object */ = {
			isa = PBXProject;
			attributes = {
				LastSwiftUpdateCheck = 0920;
				LastUpgradeCheck = 0930;
				ORGANIZATIONNAME = Frallware;
				TargetAttributes = {
					DB43F88F2070D9A9008CFB7C = {
						CreatedOnToolsVersion = 9.2;
						ProvisioningStyle = Automatic;
					};
					DBFD1CF82070D546004B4AB2 = {
						CreatedOnToolsVersion = 9.2;
						ProvisioningStyle = Automatic;
					};
				};
			};
			buildConfigurationList = DBFD1CF42070D545004B4AB2 /* Build configuration list for PBXProject "PickMeUp" */;
			compatibilityVersion = "Xcode 8.0";
			developmentRegion = en;
			hasScannedForEncodings = 0;
			knownRegions = (
				en,
				Base,
			);
			mainGroup = DBFD1CF02070D545004B4AB2;
			productRefGroup = DBFD1CFA2070D546004B4AB2 /* Products */;
			projectDirPath = "";
			projectReferences = (
				{
					ProductGroup = DB43F87D2070D799008CFB7C /* Products */;
					ProjectRef = DB43F87C2070D799008CFB7C /* Frallware.xcodeproj */;
				},
			);
			projectRoot = "";
			targets = (
				DBFD1CF82070D546004B4AB2 /* PickMeUp */,
				DB43F88F2070D9A9008CFB7C /* Services */,
			);
		};
/* End PBXProject section */

/* Begin PBXReferenceProxy section */
		DB43F8822070D799008CFB7C /* libFrallware.a */ = {
			isa = PBXReferenceProxy;
			fileType = archive.ar;
			path = libFrallware.a;
			remoteRef = DB43F8812070D799008CFB7C /* PBXContainerItemProxy */;
			sourceTree = BUILT_PRODUCTS_DIR;
		};
		DB43F8842070D799008CFB7C /* FrallwareExample.app */ = {
			isa = PBXReferenceProxy;
			fileType = wrapper.application;
			path = FrallwareExample.app;
			remoteRef = DB43F8832070D799008CFB7C /* PBXContainerItemProxy */;
			sourceTree = BUILT_PRODUCTS_DIR;
		};
/* End PBXReferenceProxy section */

/* Begin PBXResourcesBuildPhase section */
		DBFD1CF72070D546004B4AB2 /* Resources */ = {
			isa = PBXResourcesBuildPhase;
			buildActionMask = 2147483647;
			files = (
				DB3034942071895800329263 /* FeedEntryCell.xib in Resources */,
				DBFD1D072070D546004B4AB2 /* LaunchScreen.storyboard in Resources */,
				DBFD1D042070D546004B4AB2 /* Assets.xcassets in Resources */,
				DBFD1D022070D546004B4AB2 /* Main.storyboard in Resources */,
			);
			runOnlyForDeploymentPostprocessing = 0;
		};
/* End PBXResourcesBuildPhase section */

/* Begin PBXSourcesBuildPhase section */
		DB43F88C2070D9A9008CFB7C /* Sources */ = {
			isa = PBXSourcesBuildPhase;
			buildActionMask = 2147483647;
			files = (
				DB51D2A620714B220090C853 /* RedditAPI.swift in Sources */,
				DBECBF7C2070E79200EEBD32 /* Frallware+Rx.swift in Sources */,
				DB51D2A320714B060090C853 /* FeedRepository.swift in Sources */,
				DB43F89D2070DA42008CFB7C /* AppServices.swift in Sources */,
				DB016D832071804C00505723 /* FeedModel.swift in Sources */,
			);
			runOnlyForDeploymentPostprocessing = 0;
		};
		DBFD1CF52070D546004B4AB2 /* Sources */ = {
			isa = PBXSourcesBuildPhase;
			buildActionMask = 2147483647;
			files = (
				DBFD1CFF2070D546004B4AB2 /* MainViewController.swift in Sources */,
				DBFD1CFD2070D546004B4AB2 /* AppDelegate.swift in Sources */,
				DB841F812070DB7E004D4748 /* AppNavigator.swift in Sources */,
				DB016D7C2071512700505723 /* MainViewModel.swift in Sources */,
				DB3034932071895800329263 /* FeedEntryCell.swift in Sources */,
			);
			runOnlyForDeploymentPostprocessing = 0;
		};
/* End PBXSourcesBuildPhase section */

/* Begin PBXVariantGroup section */
		DBFD1D002070D546004B4AB2 /* Main.storyboard */ = {
			isa = PBXVariantGroup;
			children = (
				DBFD1D012070D546004B4AB2 /* Base */,
			);
			name = Main.storyboard;
			sourceTree = "<group>";
		};
		DBFD1D052070D546004B4AB2 /* LaunchScreen.storyboard */ = {
			isa = PBXVariantGroup;
			children = (
				DBFD1D062070D546004B4AB2 /* Base */,
			);
			name = LaunchScreen.storyboard;
			sourceTree = "<group>";
		};
/* End PBXVariantGroup section */

/* Begin XCBuildConfiguration section */
		DB43F8972070D9A9008CFB7C /* Debug */ = {
			isa = XCBuildConfiguration;
			buildSettings = {
				CODE_SIGN_STYLE = Automatic;
				FRAMEWORK_SEARCH_PATHS = (
					"$(inherited)",
					"$(PROJECT_DIR)/External/RxSwift",
					"$(PROJECT_DIR)/Carthage/Build/iOS",
				);
				OTHER_LDFLAGS = "-ObjC";
				PRODUCT_NAME = "$(TARGET_NAME)";
				SKIP_INSTALL = YES;
				SWIFT_VERSION = 4.0;
				TARGETED_DEVICE_FAMILY = "1,2";
			};
			name = Debug;
		};
		DB43F8982070D9A9008CFB7C /* Release */ = {
			isa = XCBuildConfiguration;
			buildSettings = {
				CODE_SIGN_STYLE = Automatic;
				FRAMEWORK_SEARCH_PATHS = (
					"$(inherited)",
					"$(PROJECT_DIR)/External/RxSwift",
					"$(PROJECT_DIR)/Carthage/Build/iOS",
				);
				OTHER_LDFLAGS = "-ObjC";
				PRODUCT_NAME = "$(TARGET_NAME)";
				SKIP_INSTALL = YES;
				SWIFT_VERSION = 4.0;
				TARGETED_DEVICE_FAMILY = "1,2";
			};
			name = Release;
		};
		DBFD1D142070D546004B4AB2 /* Debug */ = {
			isa = XCBuildConfiguration;
			buildSettings = {
				ALWAYS_SEARCH_USER_PATHS = NO;
				CLANG_ANALYZER_NONNULL = YES;
				CLANG_ANALYZER_NUMBER_OBJECT_CONVERSION = YES_AGGRESSIVE;
				CLANG_CXX_LANGUAGE_STANDARD = "gnu++14";
				CLANG_CXX_LIBRARY = "libc++";
				CLANG_ENABLE_MODULES = YES;
				CLANG_ENABLE_OBJC_ARC = YES;
				CLANG_WARN_BLOCK_CAPTURE_AUTORELEASING = YES;
				CLANG_WARN_BOOL_CONVERSION = YES;
				CLANG_WARN_COMMA = YES;
				CLANG_WARN_CONSTANT_CONVERSION = YES;
				CLANG_WARN_DEPRECATED_OBJC_IMPLEMENTATIONS = YES;
				CLANG_WARN_DIRECT_OBJC_ISA_USAGE = YES_ERROR;
				CLANG_WARN_DOCUMENTATION_COMMENTS = YES;
				CLANG_WARN_EMPTY_BODY = YES;
				CLANG_WARN_ENUM_CONVERSION = YES;
				CLANG_WARN_INFINITE_RECURSION = YES;
				CLANG_WARN_INT_CONVERSION = YES;
				CLANG_WARN_NON_LITERAL_NULL_CONVERSION = YES;
				CLANG_WARN_OBJC_IMPLICIT_RETAIN_SELF = YES;
				CLANG_WARN_OBJC_LITERAL_CONVERSION = YES;
				CLANG_WARN_OBJC_ROOT_CLASS = YES_ERROR;
				CLANG_WARN_RANGE_LOOP_ANALYSIS = YES;
				CLANG_WARN_STRICT_PROTOTYPES = YES;
				CLANG_WARN_SUSPICIOUS_MOVE = YES;
				CLANG_WARN_UNGUARDED_AVAILABILITY = YES_AGGRESSIVE;
				CLANG_WARN_UNREACHABLE_CODE = YES;
				CLANG_WARN__DUPLICATE_METHOD_MATCH = YES;
				CODE_SIGN_IDENTITY = "iPhone Developer";
				COPY_PHASE_STRIP = NO;
				DEBUG_INFORMATION_FORMAT = dwarf;
				ENABLE_STRICT_OBJC_MSGSEND = YES;
				ENABLE_TESTABILITY = YES;
				GCC_C_LANGUAGE_STANDARD = gnu11;
				GCC_DYNAMIC_NO_PIC = NO;
				GCC_NO_COMMON_BLOCKS = YES;
				GCC_OPTIMIZATION_LEVEL = 0;
				GCC_PREPROCESSOR_DEFINITIONS = (
					"DEBUG=1",
					"$(inherited)",
				);
				GCC_WARN_64_TO_32_BIT_CONVERSION = YES;
				GCC_WARN_ABOUT_RETURN_TYPE = YES_ERROR;
				GCC_WARN_UNDECLARED_SELECTOR = YES;
				GCC_WARN_UNINITIALIZED_AUTOS = YES_AGGRESSIVE;
				GCC_WARN_UNUSED_FUNCTION = YES;
				GCC_WARN_UNUSED_VARIABLE = YES;
				IPHONEOS_DEPLOYMENT_TARGET = 11.2;
				MTL_ENABLE_DEBUG_INFO = YES;
				ONLY_ACTIVE_ARCH = YES;
				SDKROOT = iphoneos;
				SWIFT_ACTIVE_COMPILATION_CONDITIONS = DEBUG;
				SWIFT_OPTIMIZATION_LEVEL = "-Onone";
			};
			name = Debug;
		};
		DBFD1D152070D546004B4AB2 /* Release */ = {
			isa = XCBuildConfiguration;
			buildSettings = {
				ALWAYS_SEARCH_USER_PATHS = NO;
				CLANG_ANALYZER_NONNULL = YES;
				CLANG_ANALYZER_NUMBER_OBJECT_CONVERSION = YES_AGGRESSIVE;
				CLANG_CXX_LANGUAGE_STANDARD = "gnu++14";
				CLANG_CXX_LIBRARY = "libc++";
				CLANG_ENABLE_MODULES = YES;
				CLANG_ENABLE_OBJC_ARC = YES;
				CLANG_WARN_BLOCK_CAPTURE_AUTORELEASING = YES;
				CLANG_WARN_BOOL_CONVERSION = YES;
				CLANG_WARN_COMMA = YES;
				CLANG_WARN_CONSTANT_CONVERSION = YES;
				CLANG_WARN_DEPRECATED_OBJC_IMPLEMENTATIONS = YES;
				CLANG_WARN_DIRECT_OBJC_ISA_USAGE = YES_ERROR;
				CLANG_WARN_DOCUMENTATION_COMMENTS = YES;
				CLANG_WARN_EMPTY_BODY = YES;
				CLANG_WARN_ENUM_CONVERSION = YES;
				CLANG_WARN_INFINITE_RECURSION = YES;
				CLANG_WARN_INT_CONVERSION = YES;
				CLANG_WARN_NON_LITERAL_NULL_CONVERSION = YES;
				CLANG_WARN_OBJC_IMPLICIT_RETAIN_SELF = YES;
				CLANG_WARN_OBJC_LITERAL_CONVERSION = YES;
				CLANG_WARN_OBJC_ROOT_CLASS = YES_ERROR;
				CLANG_WARN_RANGE_LOOP_ANALYSIS = YES;
				CLANG_WARN_STRICT_PROTOTYPES = YES;
				CLANG_WARN_SUSPICIOUS_MOVE = YES;
				CLANG_WARN_UNGUARDED_AVAILABILITY = YES_AGGRESSIVE;
				CLANG_WARN_UNREACHABLE_CODE = YES;
				CLANG_WARN__DUPLICATE_METHOD_MATCH = YES;
				CODE_SIGN_IDENTITY = "iPhone Developer";
				COPY_PHASE_STRIP = NO;
				DEBUG_INFORMATION_FORMAT = "dwarf-with-dsym";
				ENABLE_NS_ASSERTIONS = NO;
				ENABLE_STRICT_OBJC_MSGSEND = YES;
				GCC_C_LANGUAGE_STANDARD = gnu11;
				GCC_NO_COMMON_BLOCKS = YES;
				GCC_WARN_64_TO_32_BIT_CONVERSION = YES;
				GCC_WARN_ABOUT_RETURN_TYPE = YES_ERROR;
				GCC_WARN_UNDECLARED_SELECTOR = YES;
				GCC_WARN_UNINITIALIZED_AUTOS = YES_AGGRESSIVE;
				GCC_WARN_UNUSED_FUNCTION = YES;
				GCC_WARN_UNUSED_VARIABLE = YES;
				IPHONEOS_DEPLOYMENT_TARGET = 11.2;
				MTL_ENABLE_DEBUG_INFO = NO;
				SDKROOT = iphoneos;
				SWIFT_OPTIMIZATION_LEVEL = "-Owholemodule";
				VALIDATE_PRODUCT = YES;
			};
			name = Release;
		};
		DBFD1D172070D546004B4AB2 /* Debug */ = {
			isa = XCBuildConfiguration;
			buildSettings = {
				ASSETCATALOG_COMPILER_APPICON_NAME = AppIcon;
				CODE_SIGN_STYLE = Automatic;
				FRAMEWORK_SEARCH_PATHS = (
					"$(inherited)",
					"$(PROJECT_DIR)/Carthage/Build/iOS/**",
					"$(PROJECT_DIR)/Carthage/Build/iOS",
				);
				INFOPLIST_FILE = PickMeUp/Resources/Info.plist;
				LD_RUNPATH_SEARCH_PATHS = "$(inherited) @executable_path/Frameworks";
				PRODUCT_BUNDLE_IDENTIFIER = com.frallware.PickMeUp;
				PRODUCT_NAME = "$(TARGET_NAME)";
				SWIFT_VERSION = 4.0;
				TARGETED_DEVICE_FAMILY = "1,2";
			};
			name = Debug;
		};
		DBFD1D182070D546004B4AB2 /* Release */ = {
			isa = XCBuildConfiguration;
			buildSettings = {
				ASSETCATALOG_COMPILER_APPICON_NAME = AppIcon;
				CODE_SIGN_STYLE = Automatic;
				FRAMEWORK_SEARCH_PATHS = (
					"$(inherited)",
					"$(PROJECT_DIR)/Carthage/Build/iOS/**",
					"$(PROJECT_DIR)/Carthage/Build/iOS",
				);
				INFOPLIST_FILE = PickMeUp/Resources/Info.plist;
				LD_RUNPATH_SEARCH_PATHS = "$(inherited) @executable_path/Frameworks";
				PRODUCT_BUNDLE_IDENTIFIER = com.frallware.PickMeUp;
				PRODUCT_NAME = "$(TARGET_NAME)";
				SWIFT_VERSION = 4.0;
				TARGETED_DEVICE_FAMILY = "1,2";
			};
			name = Release;
		};
/* End XCBuildConfiguration section */

/* Begin XCConfigurationList section */
		DB43F8962070D9A9008CFB7C /* Build configuration list for PBXNativeTarget "Services" */ = {
			isa = XCConfigurationList;
			buildConfigurations = (
				DB43F8972070D9A9008CFB7C /* Debug */,
				DB43F8982070D9A9008CFB7C /* Release */,
			);
			defaultConfigurationIsVisible = 0;
			defaultConfigurationName = Release;
		};
		DBFD1CF42070D545004B4AB2 /* Build configuration list for PBXProject "PickMeUp" */ = {
			isa = XCConfigurationList;
			buildConfigurations = (
				DBFD1D142070D546004B4AB2 /* Debug */,
				DBFD1D152070D546004B4AB2 /* Release */,
			);
			defaultConfigurationIsVisible = 0;
			defaultConfigurationName = Release;
		};
		DBFD1D162070D546004B4AB2 /* Build configuration list for PBXNativeTarget "PickMeUp" */ = {
			isa = XCConfigurationList;
			buildConfigurations = (
				DBFD1D172070D546004B4AB2 /* Debug */,
				DBFD1D182070D546004B4AB2 /* Release */,
			);
			defaultConfigurationIsVisible = 0;
			defaultConfigurationName = Release;
		};
/* End XCConfigurationList section */
	};
	rootObject = DBFD1CF12070D545004B4AB2 /* Project object */;
}
